
Microsoft Visual Studio Solution File, Format Version 12.00
# Visual Studio 15
VisualStudioVersion = 15.0.28010.2036
MinimumVisualStudioVersion = 10.0.40219.1
Project("{9A19103F-16F7-4668-BE54-9A1E7A4F7556}") = "WebApplication1", "..\Manage2\Solution1\WebApplication1\WebApplication1.csproj", "{1A64B956-825C-4E2C-BBEE-C922F50DC031}"
EndProject
Global
	GlobalSection(SolutionConfigurationPlatforms) = preSolution
		Debug|Any CPU = Debug|Any CPU
		Release|Any CPU = Release|Any CPU
	EndGlobalSection
	GlobalSection(ProjectConfigurationPlatforms) = postSolution
		{1A64B956-825C-4E2C-BBEE-C922F50DC031}.Debug|Any CPU.ActiveCfg = Debug|Any CPU
		{1A64B956-825C-4E2C-BBEE-C922F50DC031}.Debug|Any CPU.Build.0 = Debug|Any CPU
		{1A64B956-825C-4E2C-BBEE-C922F50DC031}.Release|Any CPU.ActiveCfg = Release|Any CPU
		{1A64B956-825C-4E2C-BBEE-C922F50DC031}.Release|Any CPU.Build.0 = Release|Any CPU
	EndGlobalSection
	GlobalSection(SolutionProperties) = preSolution
		HideSolutionNode = FALSE
	EndGlobalSection
	GlobalSection(ExtensibilityGlobals) = postSolution
		SolutionGuid = {DBDE2E1F-974F-430C-8434-C9A6A367FCE1}
	EndGlobalSection
EndGlobal
